
Microsoft Visual Studio Solution File, Format Version 12.00
# Visual Studio Version 16
VisualStudioVersion = 16.0.28803.202
MinimumVisualStudioVersion = 10.0.40219.1
Project("{FAE04EC0-301F-11D3-BF4B-00C04F79EFBC}") = "ProjectHouse", "ProjectHouse\ProjectHouse.csproj", "{38349967-E8D0-4802-A29E-3B6399741A23}"
EndProject
Global
	GlobalSection(SolutionConfigurationPlatforms) = preSolution
		Debug|Any CPU = Debug|Any CPU
		Release|Any CPU = Release|Any CPU
	EndGlobalSection
	GlobalSection(ProjectConfigurationPlatforms) = postSolution
		{38349967-E8D0-4802-A29E-3B6399741A23}.Debug|Any CPU.ActiveCfg = Debug|Any CPU
		{38349967-E8D0-4802-A29E-3B6399741A23}.Debug|Any CPU.Build.0 = Debug|Any CPU
		{38349967-E8D0-4802-A29E-3B6399741A23}.Release|Any CPU.ActiveCfg = Release|Any CPU
		{38349967-E8D0-4802-A29E-3B6399741A23}.Release|Any CPU.Build.0 = Release|Any CPU
	EndGlobalSection
	GlobalSection(SolutionProperties) = preSolution
		HideSolutionNode = FALSE
	EndGlobalSection
	GlobalSection(ExtensibilityGlobals) = postSolution
		SolutionGuid = {D243A3C2-2A0C-4867-A255-C8F5684701DB}
	EndGlobalSection
EndGlobal
